
Microsoft Visual Studio Solution File, Format Version 12.00
# Visual Studio 2012
Project("{FAE04EC0-301F-11D3-BF4B-00C04F79EFBC}") = "ValueExchange", "ValueExchange\ValueExchange.csproj", "{4C78E6CA-E640-46B6-A4E0-8CAC5A5D390E}"
EndProject
Project("{FAE04EC0-301F-11D3-BF4B-00C04F79EFBC}") = "FindSignOfProduct", "FindSignOfProduct\FindSignOfProduct.csproj", "{A93E72CD-3D2E-4ED5-94E2-74D5B942F54D}"
EndProject
Project("{FAE04EC0-301F-11D3-BF4B-00C04F79EFBC}") = "BiggestOfThreeIntegers", "BiggestOfThreeIntegers\BiggestOfThreeIntegers.csproj", "{AEB815B9-A0CB-4C92-9C69-B0676C025A1D}"
EndProject
Project("{FAE04EC0-301F-11D3-BF4B-00C04F79EFBC}") = "SortRealNums", "SortRealNums\SortRealNums.csproj", "{16577A70-ECD8-4504-8FBE-1885C17127F9}"
EndProject
Project("{FAE04EC0-301F-11D3-BF4B-00C04F79EFBC}") = "WriteDigitName", "WriteDigitName\WriteDigitName.csproj", "{6397728F-5615-4565-A134-95D336A3D179}"
EndProject
Project("{FAE04EC0-301F-11D3-BF4B-00C04F79EFBC}") = "QuadraticEquation", "QuadraticEquation\QuadraticEquation.csproj", "{EA94BDE4-20E1-4F86-8210-8A0C6A511332}"
EndProject
Project("{FAE04EC0-301F-11D3-BF4B-00C04F79EFBC}") = "GreatestOfFive", "GreatestOfFive\GreatestOfFive.csproj", "{F73CA0B4-7C53-45B0-8808-D6C1F7A1295C}"
EndProject
Project("{FAE04EC0-301F-11D3-BF4B-00C04F79EFBC}") = "InputTypeOfYourChoise", "InputTypeOfYourChoise\InputTypeOfYourChoise.csproj", "{B667099D-3EC2-418C-9B44-6F06A4EA996A}"
EndProject
Project("{FAE04EC0-301F-11D3-BF4B-00C04F79EFBC}") = "SumOfSubset", "SumOfSubset\SumOfSubset.csproj", "{79836189-261E-48B4-BBC1-0250A609D854}"
EndProject
Project("{FAE04EC0-301F-11D3-BF4B-00C04F79EFBC}") = "BonusScores", "BonusScores\BonusScores.csproj", "{71B22F21-7DFE-45CF-A800-35ABC136182A}"
EndProject
Project("{FAE04EC0-301F-11D3-BF4B-00C04F79EFBC}") = "NumberToText", "NumberToText\NumberToText.csproj", "{6531C90E-9E45-486A-8B51-2AEECAF440C4}"
EndProject
Global
	GlobalSection(SolutionConfigurationPlatforms) = preSolution
		Debug|Any CPU = Debug|Any CPU
		Release|Any CPU = Release|Any CPU
	EndGlobalSection
	GlobalSection(ProjectConfigurationPlatforms) = postSolution
		{4C78E6CA-E640-46B6-A4E0-8CAC5A5D390E}.Debug|Any CPU.ActiveCfg = Debug|Any CPU
		{4C78E6CA-E640-46B6-A4E0-8CAC5A5D390E}.Debug|Any CPU.Build.0 = Debug|Any CPU
		{4C78E6CA-E640-46B6-A4E0-8CAC5A5D390E}.Release|Any CPU.ActiveCfg = Release|Any CPU
		{4C78E6CA-E640-46B6-A4E0-8CAC5A5D390E}.Release|Any CPU.Build.0 = Release|Any CPU
		{A93E72CD-3D2E-4ED5-94E2-74D5B942F54D}.Debug|Any CPU.ActiveCfg = Debug|Any CPU
		{A93E72CD-3D2E-4ED5-94E2-74D5B942F54D}.Debug|Any CPU.Build.0 = Debug|Any CPU
		{A93E72CD-3D2E-4ED5-94E2-74D5B942F54D}.Release|Any CPU.ActiveCfg = Release|Any CPU
		{A93E72CD-3D2E-4ED5-94E2-74D5B942F54D}.Release|Any CPU.Build.0 = Release|Any CPU
		{AEB815B9-A0CB-4C92-9C69-B0676C025A1D}.Debug|Any CPU.ActiveCfg = Debug|Any CPU
		{AEB815B9-A0CB-4C92-9C69-B0676C025A1D}.Debug|Any CPU.Build.0 = Debug|Any CPU
		{AEB815B9-A0CB-4C92-9C69-B0676C025A1D}.Release|Any CPU.ActiveCfg = Release|Any CPU
		{AEB815B9-A0CB-4C92-9C69-B0676C025A1D}.Release|Any CPU.Build.0 = Release|Any CPU
		{16577A70-ECD8-4504-8FBE-1885C17127F9}.Debug|Any CPU.ActiveCfg = Debug|Any CPU
		{16577A70-ECD8-4504-8FBE-1885C17127F9}.Debug|Any CPU.Build.0 = Debug|Any CPU
		{16577A70-ECD8-4504-8FBE-1885C17127F9}.Release|Any CPU.ActiveCfg = Release|Any CPU
		{16577A70-ECD8-4504-8FBE-1885C17127F9}.Release|Any CPU.Build.0 = Release|Any CPU
		{6397728F-5615-4565-A134-95D336A3D179}.Debug|Any CPU.ActiveCfg = Debug|Any CPU
		{6397728F-5615-4565-A134-95D336A3D179}.Debug|Any CPU.Build.0 = Debug|Any CPU
		{6397728F-5615-4565-A134-95D336A3D179}.Release|Any CPU.ActiveCfg = Release|Any CPU
		{6397728F-5615-4565-A134-95D336A3D179}.Release|Any CPU.Build.0 = Release|Any CPU
		{EA94BDE4-20E1-4F86-8210-8A0C6A511332}.Debug|Any CPU.ActiveCfg = Debug|Any CPU
		{EA94BDE4-20E1-4F86-8210-8A0C6A511332}.Debug|Any CPU.Build.0 = Debug|Any CPU
		{EA94BDE4-20E1-4F86-8210-8A0C6A511332}.Release|Any CPU.ActiveCfg = Release|Any CPU
		{EA94BDE4-20E1-4F86-8210-8A0C6A511332}.Release|Any CPU.Build.0 = Release|Any CPU
		{F73CA0B4-7C53-45B0-8808-D6C1F7A1295C}.Debug|Any CPU.ActiveCfg = Debug|Any CPU
		{F73CA0B4-7C53-45B0-8808-D6C1F7A1295C}.Debug|Any CPU.Build.0 = Debug|Any CPU
		{F73CA0B4-7C53-45B0-8808-D6C1F7A1295C}.Release|Any CPU.ActiveCfg = Release|Any CPU
		{F73CA0B4-7C53-45B0-8808-D6C1F7A1295C}.Release|Any CPU.Build.0 = Release|Any CPU
		{B667099D-3EC2-418C-9B44-6F06A4EA996A}.Debug|Any CPU.ActiveCfg = Debug|Any CPU
		{B667099D-3EC2-418C-9B44-6F06A4EA996A}.Debug|Any CPU.Build.0 = Debug|Any CPU
		{B667099D-3EC2-418C-9B44-6F06A4EA996A}.Release|Any CPU.ActiveCfg = Release|Any CPU
		{B667099D-3EC2-418C-9B44-6F06A4EA996A}.Release|Any CPU.Build.0 = Release|Any CPU
		{79836189-261E-48B4-BBC1-0250A609D854}.Debug|Any CPU.ActiveCfg = Debug|Any CPU
		{79836189-261E-48B4-BBC1-0250A609D854}.Debug|Any CPU.Build.0 = Debug|Any CPU
		{79836189-261E-48B4-BBC1-0250A609D854}.Release|Any CPU.ActiveCfg = Release|Any CPU
		{79836189-261E-48B4-BBC1-0250A609D854}.Release|Any CPU.Build.0 = Release|Any CPU
		{71B22F21-7DFE-45CF-A800-35ABC136182A}.Debug|Any CPU.ActiveCfg = Debug|Any CPU
		{71B22F21-7DFE-45CF-A800-35ABC136182A}.Debug|Any CPU.Build.0 = Debug|Any CPU
		{71B22F21-7DFE-45CF-A800-35ABC136182A}.Release|Any CPU.ActiveCfg = Release|Any CPU
		{71B22F21-7DFE-45CF-A800-35ABC136182A}.Release|Any CPU.Build.0 = Release|Any CPU
		{6531C90E-9E45-486A-8B51-2AEECAF440C4}.Debug|Any CPU.ActiveCfg = Debug|Any CPU
		{6531C90E-9E45-486A-8B51-2AEECAF440C4}.Debug|Any CPU.Build.0 = Debug|Any CPU
		{6531C90E-9E45-486A-8B51-2AEECAF440C4}.Release|Any CPU.ActiveCfg = Release|Any CPU
		{6531C90E-9E45-486A-8B51-2AEECAF440C4}.Release|Any CPU.Build.0 = Release|Any CPU
	EndGlobalSection
	GlobalSection(SolutionProperties) = preSolution
		HideSolutionNode = FALSE
	EndGlobalSection
EndGlobal
